Microsoft Visual Studio Solution File, Format Version 11.00
# Visual Studio 2008

Project("{27FC6FA9-A8C2-ED2C-CDA7-5D03B342BFDC}") = "TutorialDemo", "Assembly-CSharp-firstpass.csproj", "{86709D57-0CFA-2439-F298-4928C31956A8}"
EndProject
Project("{27FC6FA9-A8C2-ED2C-CDA7-5D03B342BFDC}") = "TutorialDemo", "Assembly-UnityScript-firstpass.unityproj", "{B7AF80C7-438D-9B37-D20B-915E20BE64FD}"
EndProject
Project("{27FC6FA9-A8C2-ED2C-CDA7-5D03B342BFDC}") = "TutorialDemo", "Assembly-UnityScript.unityproj", "{362737AE-4EC9-B8F2-F461-5E9D0DFA344C}"
EndProject
Global
	GlobalSection(SolutionConfigurationPlatforms) = preSolution
		Debug|Any CPU = Debug|Any CPU
		Release|Any CPU = Release|Any CPU
	EndGlobalSection
	GlobalSection(ProjectConfigurationPlatforms) = postSolution
		{86709D57-0CFA-2439-F298-4928C31956A8}.Debug|Any CPU.ActiveCfg = Debug|Any CPU
		{86709D57-0CFA-2439-F298-4928C31956A8}.Debug|Any CPU.Build.0 = Debug|Any CPU
		{86709D57-0CFA-2439-F298-4928C31956A8}.Release|Any CPU.ActiveCfg = Release|Any CPU
		{86709D57-0CFA-2439-F298-4928C31956A8}.Release|Any CPU.Build.0 = Release|Any CPU
		{B7AF80C7-438D-9B37-D20B-915E20BE64FD}.Debug|Any CPU.ActiveCfg = Debug|Any CPU
		{B7AF80C7-438D-9B37-D20B-915E20BE64FD}.Debug|Any CPU.Build.0 = Debug|Any CPU
		{B7AF80C7-438D-9B37-D20B-915E20BE64FD}.Release|Any CPU.ActiveCfg = Release|Any CPU
		{B7AF80C7-438D-9B37-D20B-915E20BE64FD}.Release|Any CPU.Build.0 = Release|Any CPU
		{362737AE-4EC9-B8F2-F461-5E9D0DFA344C}.Debug|Any CPU.ActiveCfg = Debug|Any CPU
		{362737AE-4EC9-B8F2-F461-5E9D0DFA344C}.Debug|Any CPU.Build.0 = Debug|Any CPU
		{362737AE-4EC9-B8F2-F461-5E9D0DFA344C}.Release|Any CPU.ActiveCfg = Release|Any CPU
		{362737AE-4EC9-B8F2-F461-5E9D0DFA344C}.Release|Any CPU.Build.0 = Release|Any CPU
	EndGlobalSection
	GlobalSection(SolutionProperties) = preSolution
		HideSolutionNode = FALSE
	EndGlobalSection
																																												GlobalSection(MonoDevelopProperties) = preSolution
		StartupItem = Assembly-CSharp.csproj
		Policies = $0
		$0.TextStylePolicy = $1
		$1.inheritsSet = null
		$1.scope = text/x-csharp
		$0.CSharpFormattingPolicy = $2
		$2.inheritsSet = Mono
		$2.inheritsScope = text/x-csharp
		$2.scope = text/x-csharp
		$0.TextStylePolicy = $3
		$3.FileWidth = 120
		$3.TabWidth = 4
		$3.EolMarker = Unix
		$3.inheritsSet = Mono
		$3.inheritsScope = text/plain
		$3.scope = text/plain
	EndGlobalSection

EndGlobal
